// !$*UTF8*$!
{
	archiveVersion = 1;
	classes = {
	};
	objectVersion = 46;
	objects = {

/* Begin PBXBuildFile section */
		682F0B2D1BF0371800036DD1 /* main.m in Sources */ = {isa = PBXBuildFile; fileRef = 682F0B2C1BF0371800036DD1 /* main.m */; };
		682F0B301BF0371800036DD1 /* AppDelegate.m in Sources */ = {isa = PBXBuildFile; fileRef = 682F0B2F1BF0371800036DD1 /* AppDelegate.m */; };
		682F0B331BF0371800036DD1 /* ViewController.m in Sources */ = {isa = PBXBuildFile; fileRef = 682F0B321BF0371800036DD1 /* ViewController.m */; };
		682F0B361BF0371800036DD1 /* Main.storyboard in Resources */ = {isa = PBXBuildFile; fileRef = 682F0B341BF0371800036DD1 /* Main.storyboard */; };
		682F0B391BF0371800036DD1 /* choutiDemo.xcdatamodeld in Sources */ = {isa = PBXBuildFile; fileRef = 682F0B371BF0371800036DD1 /* choutiDemo.xcdatamodeld */; };
		682F0B3B1BF0371800036DD1 /* Assets.xcassets in Resources */ = {isa = PBXBuildFile; fileRef = 682F0B3A1BF0371800036DD1 /* Assets.xcassets */; };
		682F0B3E1BF0371800036DD1 /* LaunchScreen.storyboard in Resources */ = {isa = PBXBuildFile; fileRef = 682F0B3C1BF0371800036DD1 /* LaunchScreen.storyboard */; };
		682F0B491BF0371800036DD1 /* choutiDemoTests.m in Sources */ = {isa = PBXBuildFile; fileRef = 682F0B481BF0371800036DD1 /* choutiDemoTests.m */; };
		682F0B541BF0371800036DD1 /* choutiDemoUITests.m in Sources */ = {isa = PBXBuildFile; fileRef = 682F0B531BF0371800036DD1 /* choutiDemoUITests.m */; };
		682F0B631BF08F3E00036DD1 /* leftView.m in Sources */ = {isa = PBXBuildFile; fileRef = 682F0B621BF08F3E00036DD1 /* leftView.m */; settings = {ASSET_TAGS = (); }; };
		6842BECE1BF1890E00F0548F /* NSString+Extension.m in Sources */ = {isa = PBXBuildFile; fileRef = 6842BECD1BF1890E00F0548F /* NSString+Extension.m */; settings = {ASSET_TAGS = (); }; };
/* End PBXBuildFile section */

/* Begin PBXContainerItemProxy section */
		682F0B451BF0371800036DD1 /* PBXContainerItemProxy */ = {
			isa = PBXContainerItemProxy;
			containerPortal = 682F0B201BF0371800036DD1 /* Project object */;
			proxyType = 1;
			remoteGlobalIDString = 682F0B271BF0371800036DD1;
			remoteInfo = choutiDemo;
		};
		682F0B501BF0371800036DD1 /* PBXContainerItemProxy */ = {
			isa = PBXContainerItemProxy;
			containerPortal = 682F0B201BF0371800036DD1 /* Project object */;
			proxyType = 1;
			remoteGlobalIDString = 682F0B271BF0371800036DD1;
			remoteInfo = choutiDemo;
		};
/* End PBXContainerItemProxy section */

/* Begin PBXFileReference section */
		682F0B281BF0371800036DD1 /* choutiDemo.app */ = {isa = PBXFileReference; explicitFileType = wrapper.application; includeInIndex = 0; path = choutiDemo.app; sourceTree = BUILT_PRODUCTS_DIR; };
		682F0B2C1BF0371800036DD1 /* main.m */ = {isa = PBXFileReference; lastKnownFileType = sourcecode.c.objc; path = main.m; sourceTree = "<group>"; };
		682F0B2E1BF0371800036DD1 /* AppDelegate.h */ = {isa = PBXFileReference; lastKnownFileType = sourcecode.c.h; path = AppDelegate.h; sourceTree = "<group>"; };
		682F0B2F1BF0371800036DD1 /* AppDelegate.m */ = {isa = PBXFileReference; lastKnownFileType = sourcecode.c.objc; path = AppDelegate.m; sourceTree = "<group>"; };
		682F0B311BF0371800036DD1 /* ViewController.h */ = {isa = PBXFileReference; lastKnownFileType = sourcecode.c.h; path = ViewController.h; sourceTree = "<group>"; };
		682F0B321BF0371800036DD1 /* ViewController.m */ = {isa = PBXFileReference; lastKnownFileType = sourcecode.c.objc; path = ViewController.m; sourceTree = "<group>"; };
		682F0B351BF0371800036DD1 /* Base */ = {isa = PBXFileReference; lastKnownFileType = file.storyboard; name = Base; path = Base.lproj/Main.storyboard; sourceTree = "<group>"; };
		682F0B381BF0371800036DD1 /* choutiDemo.xcdatamodel */ = {isa = PBXFileReference; lastKnownFileType = wrapper.xcdatamodel; path = choutiDemo.xcdatamodel; sourceTree = "<group>"; };
		682F0B3A1BF0371800036DD1 /* Assets.xcassets */ = {isa = PBXFileReference; lastKnownFileType = folder.assetcatalog; path = Assets.xcassets; sourceTree = "<group>"; };
		682F0B3D1BF0371800036DD1 /* Base */ = {isa = PBXFileReference; lastKnownFileType = file.storyboard; name = Base; path = Base.lproj/LaunchScreen.storyboard; sourceTree = "<group>"; };
		682F0B3F1BF0371800036DD1 /* Info.plist */ = {isa = PBXFileReference; lastKnownFileType = text.plist.xml; path = Info.plist; sourceTree = "<group>"; };
		682F0B441BF0371800036DD1 /* choutiDemoTests.xctest */ = {isa = PBXFileReference; explicitFileType = wrapper.cfbundle; includeInIndex = 0; path = choutiDemoTests.xctest; sourceTree = BUILT_PRODUCTS_DIR; };
		682F0B481BF0371800036DD1 /* choutiDemoTests.m */ = {isa = PBXFileReference; lastKnownFileType = sourcecode.c.objc; path = choutiDemoTests.m; sourceTree = "<group>"; };
		682F0B4A1BF0371800036DD1 /* Info.plist */ = {isa = PBXFileReference; lastKnownFileType = text.plist.xml; path = Info.plist; sourceTree = "<group>"; };
		682F0B4F1BF0371800036DD1 /* choutiDemoUITests.xctest */ = {isa = PBXFileReference; explicitFileType = wrapper.cfbundle; includeInIndex = 0; path = choutiDemoUITests.xctest; sourceTree = BUILT_PRODUCTS_DIR; };
		682F0B531BF0371800036DD1 /* choutiDemoUITests.m */ = {isa = PBXFileReference; lastKnownFileType = sourcecode.c.objc; path = choutiDemoUITests.m; sourceTree = "<group>"; };
		682F0B551BF0371800036DD1 /* Info.plist */ = {isa = PBXFileReference; lastKnownFileType = text.plist.xml; path = Info.plist; sourceTree = "<group>"; };
		682F0B611BF08F3E00036DD1 /* leftView.h */ = {isa = PBXFileReference; fileEncoding = 4; lastKnownFileType = sourcecode.c.h; path = leftView.h; sourceTree = "<group>"; };
		682F0B621BF08F3E00036DD1 /* leftView.m */ = {isa = PBXFileReference; fileEncoding = 4; lastKnownFileType = sourcecode.c.objc; path = leftView.m; sourceTree = "<group>"; };
		6842BECC1BF1890E00F0548F /* NSString+Extension.h */ = {isa = PBXFileReference; fileEncoding = 4; lastKnownFileType = sourcecode.c.h; path = "NSString+Extension.h"; sourceTree = "<group>"; };
		6842BECD1BF1890E00F0548F /* NSString+Extension.m */ = {isa = PBXFileReference; fileEncoding = 4; lastKnownFileType = sourcecode.c.objc; path = "NSString+Extension.m"; sourceTree = "<group>"; };
/* End PBXFileReference section */

/* Begin PBXFrameworksBuildPhase section */
		682F0B251BF0371800036DD1 /* Frameworks */ = {
			isa = PBXFrameworksBuildPhase;
			buildActionMask = 2147483647;
			files = (
			);
			runOnlyForDeploymentPostprocessing = 0;
		};
		682F0B411BF0371800036DD1 /* Frameworks */ = {
			isa = PBXFrameworksBuildPhase;
			buildActionMask = 2147483647;
			files = (
			);
			runOnlyForDeploymentPostprocessing = 0;
		};
		682F0B4C1BF0371800036DD1 /* Frameworks */ = {
			isa = PBXFrameworksBuildPhase;
			buildActionMask = 2147483647;
			files = (
			);
			runOnlyForDeploymentPostprocessing = 0;
		};
/* End PBXFrameworksBuildPhase section */

/* Begin PBXGroup section */
		682F0B1F1BF0371800036DD1 = {
			isa = PBXGroup;
			children = (
				682F0B2A1BF0371800036DD1 /* choutiDemo */,
				682F0B471BF0371800036DD1 /* choutiDemoTests */,
				682F0B521BF0371800036DD1 /* choutiDemoUITests */,
				682F0B291BF0371800036DD1 /* Products */,
			);
			sourceTree = "<group>";
		};
		682F0B291BF0371800036DD1 /* Products */ = {
			isa = PBXGroup;
			children = (
				682F0B281BF0371800036DD1 /* choutiDemo.app */,
				682F0B441BF0371800036DD1 /* choutiDemoTests.xctest */,
				682F0B4F1BF0371800036DD1 /* choutiDemoUITests.xctest */,
			);
			name = Products;
			sourceTree = "<group>";
		};
		682F0B2A1BF0371800036DD1 /* choutiDemo */ = {
			isa = PBXGroup;
			children = (
				6842BECC1BF1890E00F0548F /* NSString+Extension.h */,
				6842BECD1BF1890E00F0548F /* NSString+Extension.m */,
				682F0B2E1BF0371800036DD1 /* AppDelegate.h */,
				682F0B2F1BF0371800036DD1 /* AppDelegate.m */,
				682F0B311BF0371800036DD1 /* ViewController.h */,
				682F0B321BF0371800036DD1 /* ViewController.m */,
				682F0B341BF0371800036DD1 /* Main.storyboard */,
				682F0B3A1BF0371800036DD1 /* Assets.xcassets */,
				682F0B3C1BF0371800036DD1 /* LaunchScreen.storyboard */,
				682F0B3F1BF0371800036DD1 /* Info.plist */,
				682F0B371BF0371800036DD1 /* choutiDemo.xcdatamodeld */,
				682F0B2B1BF0371800036DD1 /* Supporting Files */,
				682F0B611BF08F3E00036DD1 /* leftView.h */,
				682F0B621BF08F3E00036DD1 /* leftView.m */,
			);
			path = choutiDemo;
			sourceTree = "<group>";
		};
		682F0B2B1BF0371800036DD1 /* Supporting Files */ = {
			isa = PBXGroup;
			children = (
				682F0B2C1BF0371800036DD1 /* main.m */,
			);
			name = "Supporting Files";
			sourceTree = "<group>";
		};
		682F0B471BF0371800036DD1 /* choutiDemoTests */ = {
			isa = PBXGroup;
			children = (
				682F0B481BF0371800036DD1 /* choutiDemoTests.m */,
				682F0B4A1BF0371800036DD1 /* Info.plist */,
			);
			path = choutiDemoTests;
			sourceTree = "<group>";
		};
		682F0B521BF0371800036DD1 /* choutiDemoUITests */ = {
			isa = PBXGroup;
			children = (
				682F0B531BF0371800036DD1 /* choutiDemoUITests.m */,
				682F0B551BF0371800036DD1 /* Info.plist */,
			);
			path = choutiDemoUITests;
			sourceTree = "<group>";
		};
/* End PBXGroup section */

/* Begin PBXNativeTarget section */
		682F0B271BF0371800036DD1 /* choutiDemo */ = {
			isa = PBXNativeTarget;
			buildConfigurationList = 682F0B581BF0371800036DD1 /* Build configuration list for PBXNativeTarget "choutiDemo" */;
			buildPhases = (
				682F0B241BF0371800036DD1 /* Sources */,
				682F0B251BF0371800036DD1 /* Frameworks */,
				682F0B261BF0371800036DD1 /* Resources */,
			);
			buildRules = (
			);
			dependencies = (
			);
			name = choutiDemo;
			productName = choutiDemo;
			productReference = 682F0B281BF0371800036DD1 /* choutiDemo.app */;
			productType = "com.apple.product-type.application";
		};
		682F0B431BF0371800036DD1 /* choutiDemoTests */ = {
			isa = PBXNativeTarget;
			buildConfigurationList = 682F0B5B1BF0371800036DD1 /* Build configuration list for PBXNativeTarget "choutiDemoTests" */;
			buildPhases = (
				682F0B401BF0371800036DD1 /* Sources */,
				682F0B411BF0371800036DD1 /* Frameworks */,
				682F0B421BF0371800036DD1 /* Resources */,
			);
			buildRules = (
			);
			dependencies = (
				682F0B461BF0371800036DD1 /* PBXTargetDependency */,
			);
			name = choutiDemoTests;
			productName = choutiDemoTests;
			productReference = 682F0B441BF0371800036DD1 /* choutiDemoTests.xctest */;
			productType = "com.apple.product-type.bundle.unit-test";
		};
		682F0B4E1BF0371800036DD1 /* choutiDemoUITests */ = {
			isa = PBXNativeTarget;
			buildConfigurationList = 682F0B5E1BF0371800036DD1 /* Build configuration list for PBXNativeTarget "choutiDemoUITests" */;
			buildPhases = (
				682F0B4B1BF0371800036DD1 /* Sources */,
				682F0B4C1BF0371800036DD1 /* Frameworks */,
				682F0B4D1BF0371800036DD1 /* Resources */,
			);
			buildRules = (
			);
			dependencies = (
				682F0B511BF0371800036DD1 /* PBXTargetDependency */,
			);
			name = choutiDemoUITests;
			productName = choutiDemoUITests;
			productReference = 682F0B4F1BF0371800036DD1 /* choutiDemoUITests.xctest */;
			productType = "com.apple.product-type.bundle.ui-testing";
		};
/* End PBXNativeTarget section */

/* Begin PBXProject section */
		682F0B201BF0371800036DD1 /* Project object */ = {
			isa = PBXProject;
			attributes = {
				LastUpgradeCheck = 0700;
				ORGANIZATIONNAME = "刘达浮云";
				TargetAttributes = {
					682F0B271BF0371800036DD1 = {
						CreatedOnToolsVersion = 7.0;
					};
					682F0B431BF0371800036DD1 = {
						CreatedOnToolsVersion = 7.0;
						TestTargetID = 682F0B271BF0371800036DD1;
					};
					682F0B4E1BF0371800036DD1 = {
						CreatedOnToolsVersion = 7.0;
						TestTargetID = 682F0B271BF0371800036DD1;
					};
				};
			};
			buildConfigurationList = 682F0B231BF0371800036DD1 /* Build configuration list for PBXProject "choutiDemo" */;
			compatibilityVersion = "Xcode 3.2";
			developmentRegion = English;
			hasScannedForEncodings = 0;
			knownRegions = (
				en,
				Base,
			);
			mainGroup = 682F0B1F1BF0371800036DD1;
			productRefGroup = 682F0B291BF0371800036DD1 /* Products */;
			projectDirPath = "";
			projectRoot = "";
			targets = (
				682F0B271BF0371800036DD1 /* choutiDemo */,
				682F0B431BF0371800036DD1 /* choutiDemoTests */,
				682F0B4E1BF0371800036DD1 /* choutiDemoUITests */,
			);
		};
/* End PBXProject section */

/* Begin PBXResourcesBuildPhase section */
		682F0B261BF0371800036DD1 /* Resources */ = {
			isa = PBXResourcesBuildPhase;
			buildActionMask = 2147483647;
			files = (
				682F0B3E1BF0371800036DD1 /* LaunchScreen.storyboard in Resources */,
				682F0B3B1BF0371800036DD1 /* Assets.xcassets in Resources */,
				682F0B361BF0371800036DD1 /* Main.storyboard in Resources */,
			);
			runOnlyForDeploymentPostprocessing = 0;
		};
		682F0B421BF0371800036DD1 /* Resources */ = {
			isa = PBXResourcesBuildPhase;
			buildActionMask = 2147483647;
			files = (
			);
			runOnlyForDeploymentPostprocessing = 0;
		};
		682F0B4D1BF0371800036DD1 /* Resources */ = {
			isa = PBXResourcesBuildPhase;
			buildActionMask = 2147483647;
			files = (
			);
			runOnlyForDeploymentPostprocessing = 0;
		};
/* End PBXResourcesBuildPhase section */

/* Begin PBXSourcesBuildPhase section */
		682F0B241BF0371800036DD1 /* Sources */ = {
			isa = PBXSourcesBuildPhase;
			buildActionMask = 2147483647;
			files = (
				682F0B391BF0371800036DD1 /* choutiDemo.xcdatamodeld in Sources */,
				6842BECE1BF1890E00F0548F /* NSString+Extension.m in Sources */,
				682F0B631BF08F3E00036DD1 /* leftView.m in Sources */,
				682F0B331BF0371800036DD1 /* ViewController.m in Sources */,
				682F0B301BF0371800036DD1 /* AppDelegate.m in Sources */,
				682F0B2D1BF0371800036DD1 /* main.m in Sources */,
			);
			runOnlyForDeploymentPostprocessing = 0;
		};
		682F0B401BF0371800036DD1 /* Sources */ = {
			isa = PBXSourcesBuildPhase;
			buildActionMask = 2147483647;
			files = (
				682F0B491BF0371800036DD1 /* choutiDemoTests.m in Sources */,
			);
			runOnlyForDeploymentPostprocessing = 0;
		};
		682F0B4B1BF0371800036DD1 /* Sources */ = {
			isa = PBXSourcesBuildPhase;
			buildActionMask = 2147483647;
			files = (
				682F0B541BF0371800036DD1 /* choutiDemoUITests.m in Sources */,
			);
			runOnlyForDeploymentPostprocessing = 0;
		};
/* End PBXSourcesBuildPhase section */

/* Begin PBXTargetDependency section */
		682F0B461BF0371800036DD1 /* PBXTargetDependency */ = {
			isa = PBXTargetDependency;
			target = 682F0B271BF0371800036DD1 /* choutiDemo */;
			targetProxy = 682F0B451BF0371800036DD1 /* PBXContainerItemProxy */;
		};
		682F0B511BF0371800036DD1 /* PBXTargetDependency */ = {
			isa = PBXTargetDependency;
			target = 682F0B271BF0371800036DD1 /* choutiDemo */;
			targetProxy = 682F0B501BF0371800036DD1 /* PBXContainerItemProxy */;
		};
/* End PBXTargetDependency section */

/* Begin PBXVariantGroup section */
		682F0B341BF0371800036DD1 /* Main.storyboard */ = {
			isa = PBXVariantGroup;
			children = (
				682F0B351BF0371800036DD1 /* Base */,
			);
			name = Main.storyboard;
			sourceTree = "<group>";
		};
		682F0B3C1BF0371800036DD1 /* LaunchScreen.storyboard */ = {
			isa = PBXVariantGroup;
			children = (
				682F0B3D1BF0371800036DD1 /* Base */,
			);
			name = LaunchScreen.storyboard;
			sourceTree = "<group>";
		};
/* End PBXVariantGroup section */

/* Begin XCBuildConfiguration section */
		682F0B561BF0371800036DD1 /* Debug */ = {
			isa = XCBuildConfiguration;
			buildSettings = {
				ALWAYS_SEARCH_USER_PATHS = NO;
				CLANG_CXX_LANGUAGE_STANDARD = "gnu++0x";
				CLANG_CXX_LIBRARY = "libc++";
				CLANG_ENABLE_MODULES = YES;
				CLANG_ENABLE_OBJC_ARC = YES;
				CLANG_WARN_BOOL_CONVERSION = YES;
				CLANG_WARN_CONSTANT_CONVERSION = YES;
				CLANG_WARN_DIRECT_OBJC_ISA_USAGE = YES_ERROR;
				CLANG_WARN_EMPTY_BODY = YES;
				CLANG_WARN_ENUM_CONVERSION = YES;
				CLANG_WARN_INT_CONVERSION = YES;
				CLANG_WARN_OBJC_ROOT_CLASS = YES_ERROR;
				CLANG_WARN_UNREACHABLE_CODE = YES;
				CLANG_WARN__DUPLICATE_METHOD_MATCH = YES;
				"CODE_SIGN_IDENTITY[sdk=iphoneos*]" = "iPhone Developer";
				COPY_PHASE_STRIP = NO;
				DEBUG_INFORMATION_FORMAT = dwarf;
				ENABLE_STRICT_OBJC_MSGSEND = YES;
				ENABLE_TESTABILITY = YES;
				GCC_C_LANGUAGE_STANDARD = gnu99;
				GCC_DYNAMIC_NO_PIC = NO;
				GCC_NO_COMMON_BLOCKS = YES;
				GCC_OPTIMIZATION_LEVEL = 0;
				GCC_PREPROCESSOR_DEFINITIONS = (
					"DEBUG=1",
					"$(inherited)",
				);
				GCC_WARN_64_TO_32_BIT_CONVERSION = YES;
				GCC_WARN_ABOUT_RETURN_TYPE = YES_ERROR;
				GCC_WARN_UNDECLARED_SELECTOR = YES;
				GCC_WARN_UNINITIALIZED_AUTOS = YES_AGGRESSIVE;
				GCC_WARN_UNUSED_FUNCTION = YES;
				GCC_WARN_UNUSED_VARIABLE = YES;
				IPHONEOS_DEPLOYMENT_TARGET = 9.0;
				MTL_ENABLE_DEBUG_INFO = YES;
				ONLY_ACTIVE_ARCH = YES;
				SDKROOT = iphoneos;
			};
			name = Debug;
		};
		682F0B571BF0371800036DD1 /* Release */ = {
			isa = XCBuildConfiguration;
			buildSettings = {
				ALWAYS_SEARCH_USER_PATHS = NO;
				CLANG_CXX_LANGUAGE_STANDARD = "gnu++0x";
				CLANG_CXX_LIBRARY = "libc++";
				CLANG_ENABLE_MODULES = YES;
				CLANG_ENABLE_OBJC_ARC = YES;
				CLANG_WARN_BOOL_CONVERSION = YES;
				CLANG_WARN_CONSTANT_CONVERSION = YES;
				CLANG_WARN_DIRECT_OBJC_ISA_USAGE = YES_ERROR;
				CLANG_WARN_EMPTY_BODY = YES;
				CLANG_WARN_ENUM_CONVERSION = YES;
				CLANG_WARN_INT_CONVERSION = YES;
				CLANG_WARN_OBJC_ROOT_CLASS = YES_ERROR;
				CLANG_WARN_UNREACHABLE_CODE = YES;
				CLANG_WARN__DUPLICATE_METHOD_MATCH = YES;
				"CODE_SIGN_IDENTITY[sdk=iphoneos*]" = "iPhone Developer";
				COPY_PHASE_STRIP = NO;
				DEBUG_INFORMATION_FORMAT = "dwarf-with-dsym";
				ENABLE_NS_ASSERTIONS = NO;
				ENABLE_STRICT_OBJC_MSGSEND = YES;
				GCC_C_LANGUAGE_STANDARD = gnu99;
				GCC_NO_COMMON_BLOCKS = YES;
				GCC_WARN_64_TO_32_BIT_CONVERSION = YES;
				GCC_WARN_ABOUT_RETURN_TYPE = YES_ERROR;
				GCC_WARN_UNDECLARED_SELECTOR = YES;
				GCC_WARN_UNINITIALIZED_AUTOS = YES_AGGRESSIVE;
				GCC_WARN_UNUSED_FUNCTION = YES;
				GCC_WARN_UNUSED_VARIABLE = YES;
				IPHONEOS_DEPLOYMENT_TARGET = 9.0;
				MTL_ENABLE_DEBUG_INFO = NO;
				SDKROOT = iphoneos;
				VALIDATE_PRODUCT = YES;
			};
			name = Release;
		};
		682F0B591BF0371800036DD1 /* Debug */ = {
			isa = XCBuildConfiguration;
			buildSettings = {
				ASSETCATALOG_COMPILER_APPICON_NAME = AppIcon;
				INFOPLIST_FILE = choutiDemo/Info.plist;
				LD_RUNPATH_SEARCH_PATHS = "$(inherited) @executable_path/Frameworks";
				PRODUCT_BUNDLE_IDENTIFIER = com.txcap.text.choutiDemo;
				PRODUCT_NAME = "$(TARGET_NAME)";
			};
			name = Debug;
		};
		682F0B5A1BF0371800036DD1 /* Release */ = {
			isa = XCBuildConfiguration;
			buildSettings = {
				ASSETCATALOG_COMPILER_APPICON_NAME = AppIcon;
				INFOPLIST_FILE = choutiDemo/Info.plist;
				LD_RUNPATH_SEARCH_PATHS = "$(inherited) @executable_path/Frameworks";
				PRODUCT_BUNDLE_IDENTIFIER = com.txcap.text.choutiDemo;
				PRODUCT_NAME = "$(TARGET_NAME)";
			};
			name = Release;
		};
		682F0B5C1BF0371800036DD1 /* Debug */ = {
			isa = XCBuildConfiguration;
			buildSettings = {
				BUNDLE_LOADER = "$(TEST_HOST)";
				INFOPLIST_FILE = choutiDemoTests/Info.plist;
				LD_RUNPATH_SEARCH_PATHS = "$(inherited) @executable_path/Frameworks @loader_path/Frameworks";
				PRODUCT_BUNDLE_IDENTIFIER = com.txcap.text.choutiDemoTests;
				PRODUCT_NAME = "$(TARGET_NAME)";
				TEST_HOST = "$(BUILT_PRODUCTS_DIR)/choutiDemo.app/choutiDemo";
			};
			name = Debug;
		};
		682F0B5D1BF0371800036DD1 /* Release */ = {
			isa = XCBuildConfiguration;
			buildSettings = {
				BUNDLE_LOADER = "$(TEST_HOST)";
				INFOPLIST_FILE = choutiDemoTests/Info.plist;
				LD_RUNPATH_SEARCH_PATHS = "$(inherited) @executable_path/Frameworks @loader_path/Frameworks";
				PRODUCT_BUNDLE_IDENTIFIER = com.txcap.text.choutiDemoTests;
				PRODUCT_NAME = "$(TARGET_NAME)";
				TEST_HOST = "$(BUILT_PRODUCTS_DIR)/choutiDemo.app/choutiDemo";
			};
			name = Release;
		};
		682F0B5F1BF0371800036DD1 /* Debug */ = {
			isa = XCBuildConfiguration;
			buildSettings = {
				INFOPLIST_FILE = choutiDemoUITests/Info.plist;
				LD_RUNPATH_SEARCH_PATHS = "$(inherited) @executable_path/Frameworks @loader_path/Frameworks";
				PRODUCT_BUNDLE_IDENTIFIER = com.txcap.text.choutiDemoUITests;
				PRODUCT_NAME = "$(TARGET_NAME)";
				TEST_TARGET_NAME = choutiDemo;
				USES_XCTRUNNER = YES;
			};
			name = Debug;
		};
		682F0B601BF0371800036DD1 /* Release */ = {
			isa = XCBuildConfiguration;
			buildSettings = {
				INFOPLIST_FILE = choutiDemoUITests/Info.plist;
				LD_RUNPATH_SEARCH_PATHS = "$(inherited) @executable_path/Frameworks @loader_path/Frameworks";
				PRODUCT_BUNDLE_IDENTIFIER = com.txcap.text.choutiDemoUITests;
				PRODUCT_NAME = "$(TARGET_NAME)";
				TEST_TARGET_NAME = choutiDemo;
				USES_XCTRUNNER = YES;
			};
			name = Release;
		};
/* End XCBuildConfiguration section */

/* Begin XCConfigurationList section */
		682F0B231BF0371800036DD1 /* Build configuration list for PBXProject "choutiDemo" */ = {
			isa = XCConfigurationList;
			buildConfigurations = (
				682F0B561BF0371800036DD1 /* Debug */,
				682F0B571BF0371800036DD1 /* Release */,
			);
			defaultConfigurationIsVisible = 0;
			defaultConfigurationName = Release;
		};
		682F0B581BF0371800036DD1 /* Build configuration list for PBXNativeTarget "choutiDemo" */ = {
			isa = XCConfigurationList;
			buildConfigurations = (
				682F0B591BF0371800036DD1 /* Debug */,
				682F0B5A1BF0371800036DD1 /* Release */,
			);
			defaultConfigurationIsVisible = 0;
			defaultConfigurationName = Release;
		};
		682F0B5B1BF0371800036DD1 /* Build configuration list for PBXNativeTarget "choutiDemoTests" */ = {
			isa = XCConfigurationList;
			buildConfigurations = (
				682F0B5C1BF0371800036DD1 /* Debug */,
				682F0B5D1BF0371800036DD1 /* Release */,
			);
			defaultConfigurationIsVisible = 0;
			defaultConfigurationName = Release;
		};
		682F0B5E1BF0371800036DD1 /* Build configuration list for PBXNativeTarget "choutiDemoUITests" */ = {
			isa = XCConfigurationList;
			buildConfigurations = (
				682F0B5F1BF0371800036DD1 /* Debug */,
				682F0B601BF0371800036DD1 /* Release */,
			);
			defaultConfigurationIsVisible = 0;
			defaultConfigurationName = Release;
		};
/* End XCConfigurationList section */

/* Begin XCVersionGroup section */
		682F0B371BF0371800036DD1 /* choutiDemo.xcdatamodeld */ = {
			isa = XCVersionGroup;
			children = (
				682F0B381BF0371800036DD1 /* choutiDemo.xcdatamodel */,
			);
			currentVersion = 682F0B381BF0371800036DD1 /* choutiDemo.xcdatamodel */;
			path = choutiDemo.xcdatamodeld;
			sourceTree = "<group>";
			versionGroupType = wrapper.xcdatamodel;
		};
/* End XCVersionGroup section */
	};
	rootObject = 682F0B201BF0371800036DD1 /* Project object */;
}
